
Microsoft Visual Studio Solution File, Format Version 12.00
# Visual Studio 15
VisualStudioVersion = 15.0.27130.2024
MinimumVisualStudioVersion = 10.0.40219.1
Project("{2150E333-8FDC-42A3-9474-1A3956D46DE8}") = "0-SolutionConfig", "0-SolutionConfig", "{F92458D0-6119-4027-8FEC-38073BE77817}"
	ProjectSection(SolutionItems) = preProject
		appsettings.config = appsettings.config
		ConnectionString.config = ConnectionString.config
	EndProjectSection
EndProject
Project("{2150E333-8FDC-42A3-9474-1A3956D46DE8}") = "1-Utilities", "1-Utilities", "{AD77D9E1-69B0-42C2-AC9C-12DFBFBD8949}"
EndProject
Project("{2150E333-8FDC-42A3-9474-1A3956D46DE8}") = "2-Domain", "2-Domain", "{26F05ED0-2FCD-424D-AAC9-BDC1F6A4F30C}"
EndProject
Project("{2150E333-8FDC-42A3-9474-1A3956D46DE8}") = "3-Infrastructure", "3-Infrastructure", "{523E5255-82FA-4834-BB73-0F1C45984042}"
EndProject
Project("{2150E333-8FDC-42A3-9474-1A3956D46DE8}") = "4-Application", "4-Application", "{B7727A5D-677D-45FD-8664-B6DB8EF11D83}"
EndProject
Project("{2150E333-8FDC-42A3-9474-1A3956D46DE8}") = "5-Presentation", "5-Presentation", "{63E5A899-0F6A-4B9D-B2A1-8DCBB653ACCA}"
EndProject
Project("{2150E333-8FDC-42A3-9474-1A3956D46DE8}") = "6-TestProjects", "6-TestProjects", "{E6AED75F-C477-4252-A5C4-91EC3A04B5F0}"
EndProject
Project("{2150E333-8FDC-42A3-9474-1A3956D46DE8}") = "7-Documents", "7-Documents", "{AA8AA507-E2A4-4BAE-AD7C-551C53B582D9}"
EndProject
Project("{2150E333-8FDC-42A3-9474-1A3956D46DE8}") = "Cloud", "Cloud", "{F12E4CD9-4D21-46FD-BD1D-D1B73954C7BC}"
EndProject
Project("{2150E333-8FDC-42A3-9474-1A3956D46DE8}") = "Encryption", "Encryption", "{61B19D89-F4C2-4FF5-B15E-31FCADFE31C2}"
EndProject
Project("{2150E333-8FDC-42A3-9474-1A3956D46DE8}") = "Logging", "Logging", "{6A1BC1FC-DA61-4A8D-BD70-E1CEA8E348F3}"
EndProject
Project("{2150E333-8FDC-42A3-9474-1A3956D46DE8}") = "PDFGenerator", "PDFGenerator", "{F270990E-1F25-4544-9548-6A037C6B2DBA}"
EndProject
Project("{2150E333-8FDC-42A3-9474-1A3956D46DE8}") = "Web.Core", "Web.Core", "{1253785A-9326-4DE4-AF83-F77AE732F2BD}"
EndProject
Project("{FAE04EC0-301F-11D3-BF4B-00C04F79EFBC}") = "Web.Core", "Web.Core\Web.Core.csproj", "{82C07EC4-3FE7-4272-939F-5D184D758407}"
EndProject
Project("{2150E333-8FDC-42A3-9474-1A3956D46DE8}") = "Common", "Common", "{B46D67DD-DE42-4202-8AFD-545D70CB8B3C}"
EndProject
Project("{2150E333-8FDC-42A3-9474-1A3956D46DE8}") = "CrossCutting", "CrossCutting", "{247B6080-10D0-4B4A-BDA1-B8C441BD3659}"
EndProject
Project("{2150E333-8FDC-42A3-9474-1A3956D46DE8}") = "ApplicationModel", "ApplicationModel", "{4EA6FB40-61D7-4F42-9863-51356616DFED}"
EndProject
Project("{2150E333-8FDC-42A3-9474-1A3956D46DE8}") = "ApplicationService", "ApplicationService", "{55A92882-9B87-49F1-B494-E7B380190732}"
EndProject
Project("{2150E333-8FDC-42A3-9474-1A3956D46DE8}") = "RESTAPI", "RESTAPI", "{2A286A27-CFFF-4027-A7B9-ED10B8295734}"
EndProject
Project("{2150E333-8FDC-42A3-9474-1A3956D46DE8}") = "UI", "UI", "{1F9945ED-62F9-4F99-9662-766E3D92BD4A}"
EndProject
Project("{2150E333-8FDC-42A3-9474-1A3956D46DE8}") = "0-DBProjects", "0-DBProjects", "{553393FD-85C7-4458-BAC8-3E58AD5F14C4}"
	ProjectSection(SolutionItems) = preProject
		DB CICD Readme.txt = DB CICD Readme.txt
		run.bat = run.bat
	EndProjectSection
EndProject
Project("{2150E333-8FDC-42A3-9474-1A3956D46DE8}") = "CICD", "CICD", "{47941A74-810B-469B-B4E3-E2E1D5D2B457}"
EndProject
Project("{2150E333-8FDC-42A3-9474-1A3956D46DE8}") = "IdentityServer", "IdentityServer", "{B2455C24-1B22-4C7F-A6CC-1B07F15ABB76}"
EndProject
Project("{9A19103F-16F7-4668-BE54-9A1E7A4F7556}") = "WebIdentity4", "Identity\WebIdentity4\WebIdentity4.csproj", "{25B899D2-1364-46B4-B9DF-773536C494D5}"
EndProject
Project("{9A19103F-16F7-4668-BE54-9A1E7A4F7556}") = "MVCClient", "Identity\MVCClient\MVCClient.csproj", "{3C437212-8FCC-4A95-8FBD-AB804DF2F51D}"
EndProject
Project("{00D1A9C2-B5F0-4AF3-8072-F6C62B433612}") = "NorthwindDB", "NorthwindDB\NorthwindDB.sqlproj", "{768B84E1-5B90-4BDC-AFE5-F2267DBF6580}"
EndProject
Project("{FAE04EC0-301F-11D3-BF4B-00C04F79EFBC}") = "0-DomainEntities", "AppEntities\0-DomainEntities.csproj", "{EA2301E1-90F6-4B37-92AE-278E53B203BD}"
EndProject
Project("{2150E333-8FDC-42A3-9474-1A3956D46DE8}") = "1-Infra_Data", "1-Infra_Data", "{09555BD5-2322-4636-8150-651421F1E1A4}"
EndProject
Project("{FAE04EC0-301F-11D3-BF4B-00C04F79EFBC}") = "Infra-Migration", "Infra-Migration\Infra-Migration.csproj", "{0AEB29CA-3EB5-466D-81C5-5C0558942D62}"
EndProject
Project("{FAE04EC0-301F-11D3-BF4B-00C04F79EFBC}") = "AppResources", "AppResources\AppResources.csproj", "{80459C03-3E4A-43B6-B70E-02CBB6D627EE}"
EndProject
Project("{2150E333-8FDC-42A3-9474-1A3956D46DE8}") = "Microservices", "Microservices", "{46B6DC56-7D4E-4A85-9543-E7283729AB80}"
	ProjectSection(SolutionItems) = preProject
		List.txt = List.txt
	EndProjectSection
EndProject
Global
	GlobalSection(SolutionConfigurationPlatforms) = preSolution
		Debug|Any CPU = Debug|Any CPU
		Release|Any CPU = Release|Any CPU
	EndGlobalSection
	GlobalSection(ProjectConfigurationPlatforms) = postSolution
		{82C07EC4-3FE7-4272-939F-5D184D758407}.Debug|Any CPU.ActiveCfg = Debug|Any CPU
		{82C07EC4-3FE7-4272-939F-5D184D758407}.Debug|Any CPU.Build.0 = Debug|Any CPU
		{82C07EC4-3FE7-4272-939F-5D184D758407}.Release|Any CPU.ActiveCfg = Release|Any CPU
		{82C07EC4-3FE7-4272-939F-5D184D758407}.Release|Any CPU.Build.0 = Release|Any CPU
		{25B899D2-1364-46B4-B9DF-773536C494D5}.Debug|Any CPU.ActiveCfg = Debug|Any CPU
		{25B899D2-1364-46B4-B9DF-773536C494D5}.Debug|Any CPU.Build.0 = Debug|Any CPU
		{25B899D2-1364-46B4-B9DF-773536C494D5}.Release|Any CPU.ActiveCfg = Release|Any CPU
		{25B899D2-1364-46B4-B9DF-773536C494D5}.Release|Any CPU.Build.0 = Release|Any CPU
		{3C437212-8FCC-4A95-8FBD-AB804DF2F51D}.Debug|Any CPU.ActiveCfg = Debug|Any CPU
		{3C437212-8FCC-4A95-8FBD-AB804DF2F51D}.Debug|Any CPU.Build.0 = Debug|Any CPU
		{3C437212-8FCC-4A95-8FBD-AB804DF2F51D}.Release|Any CPU.ActiveCfg = Release|Any CPU
		{3C437212-8FCC-4A95-8FBD-AB804DF2F51D}.Release|Any CPU.Build.0 = Release|Any CPU
		{768B84E1-5B90-4BDC-AFE5-F2267DBF6580}.Debug|Any CPU.ActiveCfg = Debug|Any CPU
		{768B84E1-5B90-4BDC-AFE5-F2267DBF6580}.Debug|Any CPU.Build.0 = Debug|Any CPU
		{768B84E1-5B90-4BDC-AFE5-F2267DBF6580}.Debug|Any CPU.Deploy.0 = Debug|Any CPU
		{768B84E1-5B90-4BDC-AFE5-F2267DBF6580}.Release|Any CPU.ActiveCfg = Release|Any CPU
		{768B84E1-5B90-4BDC-AFE5-F2267DBF6580}.Release|Any CPU.Build.0 = Release|Any CPU
		{768B84E1-5B90-4BDC-AFE5-F2267DBF6580}.Release|Any CPU.Deploy.0 = Release|Any CPU
		{EA2301E1-90F6-4B37-92AE-278E53B203BD}.Debug|Any CPU.ActiveCfg = Debug|Any CPU
		{EA2301E1-90F6-4B37-92AE-278E53B203BD}.Debug|Any CPU.Build.0 = Debug|Any CPU
		{EA2301E1-90F6-4B37-92AE-278E53B203BD}.Release|Any CPU.ActiveCfg = Release|Any CPU
		{EA2301E1-90F6-4B37-92AE-278E53B203BD}.Release|Any CPU.Build.0 = Release|Any CPU
		{0AEB29CA-3EB5-466D-81C5-5C0558942D62}.Debug|Any CPU.ActiveCfg = Debug|Any CPU
		{0AEB29CA-3EB5-466D-81C5-5C0558942D62}.Debug|Any CPU.Build.0 = Debug|Any CPU
		{0AEB29CA-3EB5-466D-81C5-5C0558942D62}.Release|Any CPU.ActiveCfg = Release|Any CPU
		{0AEB29CA-3EB5-466D-81C5-5C0558942D62}.Release|Any CPU.Build.0 = Release|Any CPU
		{80459C03-3E4A-43B6-B70E-02CBB6D627EE}.Debug|Any CPU.ActiveCfg = Debug|Any CPU
		{80459C03-3E4A-43B6-B70E-02CBB6D627EE}.Debug|Any CPU.Build.0 = Debug|Any CPU
		{80459C03-3E4A-43B6-B70E-02CBB6D627EE}.Release|Any CPU.ActiveCfg = Release|Any CPU
		{80459C03-3E4A-43B6-B70E-02CBB6D627EE}.Release|Any CPU.Build.0 = Release|Any CPU
	EndGlobalSection
	GlobalSection(SolutionProperties) = preSolution
		HideSolutionNode = FALSE
	EndGlobalSection
	GlobalSection(NestedProjects) = preSolution
		{F12E4CD9-4D21-46FD-BD1D-D1B73954C7BC} = {AD77D9E1-69B0-42C2-AC9C-12DFBFBD8949}
		{61B19D89-F4C2-4FF5-B15E-31FCADFE31C2} = {AD77D9E1-69B0-42C2-AC9C-12DFBFBD8949}
		{6A1BC1FC-DA61-4A8D-BD70-E1CEA8E348F3} = {AD77D9E1-69B0-42C2-AC9C-12DFBFBD8949}
		{F270990E-1F25-4544-9548-6A037C6B2DBA} = {AD77D9E1-69B0-42C2-AC9C-12DFBFBD8949}
		{1253785A-9326-4DE4-AF83-F77AE732F2BD} = {AD77D9E1-69B0-42C2-AC9C-12DFBFBD8949}
		{82C07EC4-3FE7-4272-939F-5D184D758407} = {1253785A-9326-4DE4-AF83-F77AE732F2BD}
		{B46D67DD-DE42-4202-8AFD-545D70CB8B3C} = {AD77D9E1-69B0-42C2-AC9C-12DFBFBD8949}
		{247B6080-10D0-4B4A-BDA1-B8C441BD3659} = {523E5255-82FA-4834-BB73-0F1C45984042}
		{4EA6FB40-61D7-4F42-9863-51356616DFED} = {B7727A5D-677D-45FD-8664-B6DB8EF11D83}
		{55A92882-9B87-49F1-B494-E7B380190732} = {B7727A5D-677D-45FD-8664-B6DB8EF11D83}
		{2A286A27-CFFF-4027-A7B9-ED10B8295734} = {63E5A899-0F6A-4B9D-B2A1-8DCBB653ACCA}
		{1F9945ED-62F9-4F99-9662-766E3D92BD4A} = {63E5A899-0F6A-4B9D-B2A1-8DCBB653ACCA}
		{553393FD-85C7-4458-BAC8-3E58AD5F14C4} = {523E5255-82FA-4834-BB73-0F1C45984042}
		{47941A74-810B-469B-B4E3-E2E1D5D2B457} = {523E5255-82FA-4834-BB73-0F1C45984042}
		{B2455C24-1B22-4C7F-A6CC-1B07F15ABB76} = {AD77D9E1-69B0-42C2-AC9C-12DFBFBD8949}
		{25B899D2-1364-46B4-B9DF-773536C494D5} = {B2455C24-1B22-4C7F-A6CC-1B07F15ABB76}
		{3C437212-8FCC-4A95-8FBD-AB804DF2F51D} = {B2455C24-1B22-4C7F-A6CC-1B07F15ABB76}
		{768B84E1-5B90-4BDC-AFE5-F2267DBF6580} = {553393FD-85C7-4458-BAC8-3E58AD5F14C4}
		{EA2301E1-90F6-4B37-92AE-278E53B203BD} = {26F05ED0-2FCD-424D-AAC9-BDC1F6A4F30C}
		{09555BD5-2322-4636-8150-651421F1E1A4} = {523E5255-82FA-4834-BB73-0F1C45984042}
		{0AEB29CA-3EB5-466D-81C5-5C0558942D62} = {09555BD5-2322-4636-8150-651421F1E1A4}
		{80459C03-3E4A-43B6-B70E-02CBB6D627EE} = {26F05ED0-2FCD-424D-AAC9-BDC1F6A4F30C}
	EndGlobalSection
	GlobalSection(ExtensibilityGlobals) = postSolution
		SolutionGuid = {7AB6A691-3DC4-43BB-BB3F-18C0251E5337}
	EndGlobalSection
EndGlobal
