
Microsoft Visual Studio Solution File, Format Version 12.00
# Visual Studio 15
VisualStudioVersion = 15.0.27130.2024
MinimumVisualStudioVersion = 10.0.40219.1
Project("{2150E333-8FDC-42A3-9474-1A3956D46DE8}") = "0-SolutionConfig", "0-SolutionConfig", "{F92458D0-6119-4027-8FEC-38073BE77817}"
	ProjectSection(SolutionItems) = preProject
		appsettings.config = appsettings.config
		ConnectionString.config = ConnectionString.config
	EndProjectSection
EndProject
Project("{2150E333-8FDC-42A3-9474-1A3956D46DE8}") = "1-Utilities", "1-Utilities", "{AD77D9E1-69B0-42C2-AC9C-12DFBFBD8949}"
EndProject
Project("{2150E333-8FDC-42A3-9474-1A3956D46DE8}") = "2-Domain", "2-Domain", "{26F05ED0-2FCD-424D-AAC9-BDC1F6A4F30C}"
EndProject
Project("{2150E333-8FDC-42A3-9474-1A3956D46DE8}") = "3-Infrastructure", "3-Infrastructure", "{523E5255-82FA-4834-BB73-0F1C45984042}"
EndProject
Project("{2150E333-8FDC-42A3-9474-1A3956D46DE8}") = "4-Application", "4-Application", "{B7727A5D-677D-45FD-8664-B6DB8EF11D83}"
EndProject
Project("{2150E333-8FDC-42A3-9474-1A3956D46DE8}") = "5-Presentation", "5-Presentation", "{63E5A899-0F6A-4B9D-B2A1-8DCBB653ACCA}"
EndProject
Project("{2150E333-8FDC-42A3-9474-1A3956D46DE8}") = "6-TestProjects", "6-TestProjects", "{E6AED75F-C477-4252-A5C4-91EC3A04B5F0}"
EndProject
Project("{2150E333-8FDC-42A3-9474-1A3956D46DE8}") = "7-Documents", "7-Documents", "{AA8AA507-E2A4-4BAE-AD7C-551C53B582D9}"
EndProject
Project("{2150E333-8FDC-42A3-9474-1A3956D46DE8}") = "Cloud", "Cloud", "{F12E4CD9-4D21-46FD-BD1D-D1B73954C7BC}"
EndProject
Project("{2150E333-8FDC-42A3-9474-1A3956D46DE8}") = "Encryption", "Encryption", "{61B19D89-F4C2-4FF5-B15E-31FCADFE31C2}"
EndProject
Project("{2150E333-8FDC-42A3-9474-1A3956D46DE8}") = "Logging", "Logging", "{6A1BC1FC-DA61-4A8D-BD70-E1CEA8E348F3}"
EndProject
Project("{2150E333-8FDC-42A3-9474-1A3956D46DE8}") = "PDFGenerator", "PDFGenerator", "{F270990E-1F25-4544-9548-6A037C6B2DBA}"
EndProject
Project("{2150E333-8FDC-42A3-9474-1A3956D46DE8}") = "Web.Core", "Web.Core", "{1253785A-9326-4DE4-AF83-F77AE732F2BD}"
EndProject
Project("{FAE04EC0-301F-11D3-BF4B-00C04F79EFBC}") = "Web.Core", "Web.Core\Web.Core.csproj", "{82C07EC4-3FE7-4272-939F-5D184D758407}"
EndProject
Project("{2150E333-8FDC-42A3-9474-1A3956D46DE8}") = "Common", "Common", "{B46D67DD-DE42-4202-8AFD-545D70CB8B3C}"
EndProject
Project("{2150E333-8FDC-42A3-9474-1A3956D46DE8}") = "CrossCutting", "CrossCutting", "{247B6080-10D0-4B4A-BDA1-B8C441BD3659}"
EndProject
Project("{2150E333-8FDC-42A3-9474-1A3956D46DE8}") = "ApplicationModel", "ApplicationModel", "{4EA6FB40-61D7-4F42-9863-51356616DFED}"
EndProject
Project("{2150E333-8FDC-42A3-9474-1A3956D46DE8}") = "ApplicationService", "ApplicationService", "{55A92882-9B87-49F1-B494-E7B380190732}"
EndProject
Project("{2150E333-8FDC-42A3-9474-1A3956D46DE8}") = "RESTAPI", "RESTAPI", "{2A286A27-CFFF-4027-A7B9-ED10B8295734}"
EndProject
Project("{2150E333-8FDC-42A3-9474-1A3956D46DE8}") = "UI", "UI", "{1F9945ED-62F9-4F99-9662-766E3D92BD4A}"
EndProject
Project("{2150E333-8FDC-42A3-9474-1A3956D46DE8}") = "0-DBProjects", "0-DBProjects", "{553393FD-85C7-4458-BAC8-3E58AD5F14C4}"
	ProjectSection(SolutionItems) = preProject
		DB CICD Readme.txt = DB CICD Readme.txt
		run.bat = run.bat
	EndProjectSection
EndProject
Project("{2150E333-8FDC-42A3-9474-1A3956D46DE8}") = "CICD", "CICD", "{47941A74-810B-469B-B4E3-E2E1D5D2B457}"
EndProject
Project("{00D1A9C2-B5F0-4AF3-8072-F6C62B433612}") = "NorthwindDB", "NorthwindDB\NorthwindDB.sqlproj", "{768B84E1-5B90-4BDC-AFE5-F2267DBF6580}"
EndProject
Project("{9A19103F-16F7-4668-BE54-9A1E7A4F7556}") = "0-DomainEntities", "AppEntities\0-DomainEntities.csproj", "{EA2301E1-90F6-4B37-92AE-278E53B203BD}"
EndProject
Project("{2150E333-8FDC-42A3-9474-1A3956D46DE8}") = "1-Infra_Data", "1-Infra_Data", "{09555BD5-2322-4636-8150-651421F1E1A4}"
EndProject
Project("{9A19103F-16F7-4668-BE54-9A1E7A4F7556}") = "Infra-Migration", "Infra-Migration\Infra-Migration.csproj", "{0AEB29CA-3EB5-466D-81C5-5C0558942D62}"
EndProject
Project("{9A19103F-16F7-4668-BE54-9A1E7A4F7556}") = "AppResources", "AppResources\AppResources.csproj", "{80459C03-3E4A-43B6-B70E-02CBB6D627EE}"
EndProject
Project("{2150E333-8FDC-42A3-9474-1A3956D46DE8}") = "Microservices", "Microservices", "{46B6DC56-7D4E-4A85-9543-E7283729AB80}"
	ProjectSection(SolutionItems) = preProject
		List.txt = List.txt
	EndProjectSection
EndProject
Project("{2150E333-8FDC-42A3-9474-1A3956D46DE8}") = "Identity", "Identity", "{A33C4752-D29D-4527-8A79-EB607F1359FB}"
EndProject
Project("{9A19103F-16F7-4668-BE54-9A1E7A4F7556}") = "RestAPI", "Identity\RestAPI\RestAPI.csproj", "{6D93D4D6-1C16-4E52-899E-4E9ED27FF35E}"
EndProject
Project("{2150E333-8FDC-42A3-9474-1A3956D46DE8}") = "Solution Items", "Solution Items", "{F9520E65-30E4-4C2E-BCA2-1E55140ACF89}"
	ProjectSection(SolutionItems) = preProject
		Identity\Readme.txt = Identity\Readme.txt
	EndProjectSection
EndProject
Project("{9A19103F-16F7-4668-BE54-9A1E7A4F7556}") = "JSClientApp", "Identity\JSClientApp\JSClientApp.csproj", "{D77CFCC6-A783-451C-9BA0-B37B6B78B494}"
EndProject
Project("{FAE04EC0-301F-11D3-BF4B-00C04F79EFBC}") = "WindowsFormsClient", "Identity\WindowsFormsClient\WindowsFormsClient.csproj", "{E013AC71-5019-4C68-8797-52CE68C96F03}"
EndProject
Project("{9A19103F-16F7-4668-BE54-9A1E7A4F7556}") = "WebIdentity4", "Identity\WebIdentity4\WebIdentity4.csproj", "{786C5E48-182A-4CA8-A933-B221D6414963}"
EndProject
Project("{9A19103F-16F7-4668-BE54-9A1E7A4F7556}") = "MVCClient", "Identity\MVCClient\MVCClient.csproj", "{982792BF-CE31-4CF2-8911-6E001C3D3F01}"
EndProject
Project("{FAE04EC0-301F-11D3-BF4B-00C04F79EFBC}") = "AdminUI_Identity", "AdminUI_Identity\AdminUI_Identity.csproj", "{D9DC32AF-9218-4A15-8407-5B23A4489E19}"
EndProject
Global
	GlobalSection(SolutionConfigurationPlatforms) = preSolution
		Debug|Any CPU = Debug|Any CPU
		Debug|ARM = Debug|ARM
		Debug|x64 = Debug|x64
		Debug|x86 = Debug|x86
		Release|Any CPU = Release|Any CPU
		Release|ARM = Release|ARM
		Release|x64 = Release|x64
		Release|x86 = Release|x86
	EndGlobalSection
	GlobalSection(ProjectConfigurationPlatforms) = postSolution
		{82C07EC4-3FE7-4272-939F-5D184D758407}.Debug|Any CPU.ActiveCfg = Debug|Any CPU
		{82C07EC4-3FE7-4272-939F-5D184D758407}.Debug|Any CPU.Build.0 = Debug|Any CPU
		{82C07EC4-3FE7-4272-939F-5D184D758407}.Debug|ARM.ActiveCfg = Debug|Any CPU
		{82C07EC4-3FE7-4272-939F-5D184D758407}.Debug|ARM.Build.0 = Debug|Any CPU
		{82C07EC4-3FE7-4272-939F-5D184D758407}.Debug|x64.ActiveCfg = Debug|Any CPU
		{82C07EC4-3FE7-4272-939F-5D184D758407}.Debug|x64.Build.0 = Debug|Any CPU
		{82C07EC4-3FE7-4272-939F-5D184D758407}.Debug|x86.ActiveCfg = Debug|Any CPU
		{82C07EC4-3FE7-4272-939F-5D184D758407}.Debug|x86.Build.0 = Debug|Any CPU
		{82C07EC4-3FE7-4272-939F-5D184D758407}.Release|Any CPU.ActiveCfg = Release|Any CPU
		{82C07EC4-3FE7-4272-939F-5D184D758407}.Release|Any CPU.Build.0 = Release|Any CPU
		{82C07EC4-3FE7-4272-939F-5D184D758407}.Release|ARM.ActiveCfg = Release|Any CPU
		{82C07EC4-3FE7-4272-939F-5D184D758407}.Release|ARM.Build.0 = Release|Any CPU
		{82C07EC4-3FE7-4272-939F-5D184D758407}.Release|x64.ActiveCfg = Release|Any CPU
		{82C07EC4-3FE7-4272-939F-5D184D758407}.Release|x64.Build.0 = Release|Any CPU
		{82C07EC4-3FE7-4272-939F-5D184D758407}.Release|x86.ActiveCfg = Release|Any CPU
		{82C07EC4-3FE7-4272-939F-5D184D758407}.Release|x86.Build.0 = Release|Any CPU
		{768B84E1-5B90-4BDC-AFE5-F2267DBF6580}.Debug|Any CPU.ActiveCfg = Debug|Any CPU
		{768B84E1-5B90-4BDC-AFE5-F2267DBF6580}.Debug|Any CPU.Build.0 = Debug|Any CPU
		{768B84E1-5B90-4BDC-AFE5-F2267DBF6580}.Debug|Any CPU.Deploy.0 = Debug|Any CPU
		{768B84E1-5B90-4BDC-AFE5-F2267DBF6580}.Debug|ARM.ActiveCfg = Debug|Any CPU
		{768B84E1-5B90-4BDC-AFE5-F2267DBF6580}.Debug|ARM.Build.0 = Debug|Any CPU
		{768B84E1-5B90-4BDC-AFE5-F2267DBF6580}.Debug|ARM.Deploy.0 = Debug|Any CPU
		{768B84E1-5B90-4BDC-AFE5-F2267DBF6580}.Debug|x64.ActiveCfg = Debug|Any CPU
		{768B84E1-5B90-4BDC-AFE5-F2267DBF6580}.Debug|x64.Build.0 = Debug|Any CPU
		{768B84E1-5B90-4BDC-AFE5-F2267DBF6580}.Debug|x64.Deploy.0 = Debug|Any CPU
		{768B84E1-5B90-4BDC-AFE5-F2267DBF6580}.Debug|x86.ActiveCfg = Debug|Any CPU
		{768B84E1-5B90-4BDC-AFE5-F2267DBF6580}.Debug|x86.Build.0 = Debug|Any CPU
		{768B84E1-5B90-4BDC-AFE5-F2267DBF6580}.Debug|x86.Deploy.0 = Debug|Any CPU
		{768B84E1-5B90-4BDC-AFE5-F2267DBF6580}.Release|Any CPU.ActiveCfg = Release|Any CPU
		{768B84E1-5B90-4BDC-AFE5-F2267DBF6580}.Release|Any CPU.Build.0 = Release|Any CPU
		{768B84E1-5B90-4BDC-AFE5-F2267DBF6580}.Release|Any CPU.Deploy.0 = Release|Any CPU
		{768B84E1-5B90-4BDC-AFE5-F2267DBF6580}.Release|ARM.ActiveCfg = Release|Any CPU
		{768B84E1-5B90-4BDC-AFE5-F2267DBF6580}.Release|ARM.Build.0 = Release|Any CPU
		{768B84E1-5B90-4BDC-AFE5-F2267DBF6580}.Release|ARM.Deploy.0 = Release|Any CPU
		{768B84E1-5B90-4BDC-AFE5-F2267DBF6580}.Release|x64.ActiveCfg = Release|Any CPU
		{768B84E1-5B90-4BDC-AFE5-F2267DBF6580}.Release|x64.Build.0 = Release|Any CPU
		{768B84E1-5B90-4BDC-AFE5-F2267DBF6580}.Release|x64.Deploy.0 = Release|Any CPU
		{768B84E1-5B90-4BDC-AFE5-F2267DBF6580}.Release|x86.ActiveCfg = Release|Any CPU
		{768B84E1-5B90-4BDC-AFE5-F2267DBF6580}.Release|x86.Build.0 = Release|Any CPU
		{768B84E1-5B90-4BDC-AFE5-F2267DBF6580}.Release|x86.Deploy.0 = Release|Any CPU
		{EA2301E1-90F6-4B37-92AE-278E53B203BD}.Debug|Any CPU.ActiveCfg = Debug|Any CPU
		{EA2301E1-90F6-4B37-92AE-278E53B203BD}.Debug|Any CPU.Build.0 = Debug|Any CPU
		{EA2301E1-90F6-4B37-92AE-278E53B203BD}.Debug|ARM.ActiveCfg = Debug|Any CPU
		{EA2301E1-90F6-4B37-92AE-278E53B203BD}.Debug|ARM.Build.0 = Debug|Any CPU
		{EA2301E1-90F6-4B37-92AE-278E53B203BD}.Debug|x64.ActiveCfg = Debug|Any CPU
		{EA2301E1-90F6-4B37-92AE-278E53B203BD}.Debug|x64.Build.0 = Debug|Any CPU
		{EA2301E1-90F6-4B37-92AE-278E53B203BD}.Debug|x86.ActiveCfg = Debug|Any CPU
		{EA2301E1-90F6-4B37-92AE-278E53B203BD}.Debug|x86.Build.0 = Debug|Any CPU
		{EA2301E1-90F6-4B37-92AE-278E53B203BD}.Release|Any CPU.ActiveCfg = Release|Any CPU
		{EA2301E1-90F6-4B37-92AE-278E53B203BD}.Release|Any CPU.Build.0 = Release|Any CPU
		{EA2301E1-90F6-4B37-92AE-278E53B203BD}.Release|ARM.ActiveCfg = Release|Any CPU
		{EA2301E1-90F6-4B37-92AE-278E53B203BD}.Release|ARM.Build.0 = Release|Any CPU
		{EA2301E1-90F6-4B37-92AE-278E53B203BD}.Release|x64.ActiveCfg = Release|Any CPU
		{EA2301E1-90F6-4B37-92AE-278E53B203BD}.Release|x64.Build.0 = Release|Any CPU
		{EA2301E1-90F6-4B37-92AE-278E53B203BD}.Release|x86.ActiveCfg = Release|Any CPU
		{EA2301E1-90F6-4B37-92AE-278E53B203BD}.Release|x86.Build.0 = Release|Any CPU
		{0AEB29CA-3EB5-466D-81C5-5C0558942D62}.Debug|Any CPU.ActiveCfg = Debug|Any CPU
		{0AEB29CA-3EB5-466D-81C5-5C0558942D62}.Debug|Any CPU.Build.0 = Debug|Any CPU
		{0AEB29CA-3EB5-466D-81C5-5C0558942D62}.Debug|ARM.ActiveCfg = Debug|Any CPU
		{0AEB29CA-3EB5-466D-81C5-5C0558942D62}.Debug|ARM.Build.0 = Debug|Any CPU
		{0AEB29CA-3EB5-466D-81C5-5C0558942D62}.Debug|x64.ActiveCfg = Debug|Any CPU
		{0AEB29CA-3EB5-466D-81C5-5C0558942D62}.Debug|x64.Build.0 = Debug|Any CPU
		{0AEB29CA-3EB5-466D-81C5-5C0558942D62}.Debug|x86.ActiveCfg = Debug|Any CPU
		{0AEB29CA-3EB5-466D-81C5-5C0558942D62}.Debug|x86.Build.0 = Debug|Any CPU
		{0AEB29CA-3EB5-466D-81C5-5C0558942D62}.Release|Any CPU.ActiveCfg = Release|Any CPU
		{0AEB29CA-3EB5-466D-81C5-5C0558942D62}.Release|Any CPU.Build.0 = Release|Any CPU
		{0AEB29CA-3EB5-466D-81C5-5C0558942D62}.Release|ARM.ActiveCfg = Release|Any CPU
		{0AEB29CA-3EB5-466D-81C5-5C0558942D62}.Release|ARM.Build.0 = Release|Any CPU
		{0AEB29CA-3EB5-466D-81C5-5C0558942D62}.Release|x64.ActiveCfg = Release|Any CPU
		{0AEB29CA-3EB5-466D-81C5-5C0558942D62}.Release|x64.Build.0 = Release|Any CPU
		{0AEB29CA-3EB5-466D-81C5-5C0558942D62}.Release|x86.ActiveCfg = Release|Any CPU
		{0AEB29CA-3EB5-466D-81C5-5C0558942D62}.Release|x86.Build.0 = Release|Any CPU
		{80459C03-3E4A-43B6-B70E-02CBB6D627EE}.Debug|Any CPU.ActiveCfg = Debug|Any CPU
		{80459C03-3E4A-43B6-B70E-02CBB6D627EE}.Debug|Any CPU.Build.0 = Debug|Any CPU
		{80459C03-3E4A-43B6-B70E-02CBB6D627EE}.Debug|ARM.ActiveCfg = Debug|Any CPU
		{80459C03-3E4A-43B6-B70E-02CBB6D627EE}.Debug|ARM.Build.0 = Debug|Any CPU
		{80459C03-3E4A-43B6-B70E-02CBB6D627EE}.Debug|x64.ActiveCfg = Debug|Any CPU
		{80459C03-3E4A-43B6-B70E-02CBB6D627EE}.Debug|x64.Build.0 = Debug|Any CPU
		{80459C03-3E4A-43B6-B70E-02CBB6D627EE}.Debug|x86.ActiveCfg = Debug|Any CPU
		{80459C03-3E4A-43B6-B70E-02CBB6D627EE}.Debug|x86.Build.0 = Debug|Any CPU
		{80459C03-3E4A-43B6-B70E-02CBB6D627EE}.Release|Any CPU.ActiveCfg = Release|Any CPU
		{80459C03-3E4A-43B6-B70E-02CBB6D627EE}.Release|Any CPU.Build.0 = Release|Any CPU
		{80459C03-3E4A-43B6-B70E-02CBB6D627EE}.Release|ARM.ActiveCfg = Release|Any CPU
		{80459C03-3E4A-43B6-B70E-02CBB6D627EE}.Release|ARM.Build.0 = Release|Any CPU
		{80459C03-3E4A-43B6-B70E-02CBB6D627EE}.Release|x64.ActiveCfg = Release|Any CPU
		{80459C03-3E4A-43B6-B70E-02CBB6D627EE}.Release|x64.Build.0 = Release|Any CPU
		{80459C03-3E4A-43B6-B70E-02CBB6D627EE}.Release|x86.ActiveCfg = Release|Any CPU
		{80459C03-3E4A-43B6-B70E-02CBB6D627EE}.Release|x86.Build.0 = Release|Any CPU
		{6D93D4D6-1C16-4E52-899E-4E9ED27FF35E}.Debug|Any CPU.ActiveCfg = Debug|Any CPU
		{6D93D4D6-1C16-4E52-899E-4E9ED27FF35E}.Debug|Any CPU.Build.0 = Debug|Any CPU
		{6D93D4D6-1C16-4E52-899E-4E9ED27FF35E}.Debug|ARM.ActiveCfg = Debug|Any CPU
		{6D93D4D6-1C16-4E52-899E-4E9ED27FF35E}.Debug|ARM.Build.0 = Debug|Any CPU
		{6D93D4D6-1C16-4E52-899E-4E9ED27FF35E}.Debug|x64.ActiveCfg = Debug|Any CPU
		{6D93D4D6-1C16-4E52-899E-4E9ED27FF35E}.Debug|x64.Build.0 = Debug|Any CPU
		{6D93D4D6-1C16-4E52-899E-4E9ED27FF35E}.Debug|x86.ActiveCfg = Debug|Any CPU
		{6D93D4D6-1C16-4E52-899E-4E9ED27FF35E}.Debug|x86.Build.0 = Debug|Any CPU
		{6D93D4D6-1C16-4E52-899E-4E9ED27FF35E}.Release|Any CPU.ActiveCfg = Release|Any CPU
		{6D93D4D6-1C16-4E52-899E-4E9ED27FF35E}.Release|Any CPU.Build.0 = Release|Any CPU
		{6D93D4D6-1C16-4E52-899E-4E9ED27FF35E}.Release|ARM.ActiveCfg = Release|Any CPU
		{6D93D4D6-1C16-4E52-899E-4E9ED27FF35E}.Release|ARM.Build.0 = Release|Any CPU
		{6D93D4D6-1C16-4E52-899E-4E9ED27FF35E}.Release|x64.ActiveCfg = Release|Any CPU
		{6D93D4D6-1C16-4E52-899E-4E9ED27FF35E}.Release|x64.Build.0 = Release|Any CPU
		{6D93D4D6-1C16-4E52-899E-4E9ED27FF35E}.Release|x86.ActiveCfg = Release|Any CPU
		{6D93D4D6-1C16-4E52-899E-4E9ED27FF35E}.Release|x86.Build.0 = Release|Any CPU
		{D77CFCC6-A783-451C-9BA0-B37B6B78B494}.Debug|Any CPU.ActiveCfg = Debug|Any CPU
		{D77CFCC6-A783-451C-9BA0-B37B6B78B494}.Debug|Any CPU.Build.0 = Debug|Any CPU
		{D77CFCC6-A783-451C-9BA0-B37B6B78B494}.Debug|ARM.ActiveCfg = Debug|Any CPU
		{D77CFCC6-A783-451C-9BA0-B37B6B78B494}.Debug|ARM.Build.0 = Debug|Any CPU
		{D77CFCC6-A783-451C-9BA0-B37B6B78B494}.Debug|x64.ActiveCfg = Debug|Any CPU
		{D77CFCC6-A783-451C-9BA0-B37B6B78B494}.Debug|x64.Build.0 = Debug|Any CPU
		{D77CFCC6-A783-451C-9BA0-B37B6B78B494}.Debug|x86.ActiveCfg = Debug|Any CPU
		{D77CFCC6-A783-451C-9BA0-B37B6B78B494}.Debug|x86.Build.0 = Debug|Any CPU
		{D77CFCC6-A783-451C-9BA0-B37B6B78B494}.Release|Any CPU.ActiveCfg = Release|Any CPU
		{D77CFCC6-A783-451C-9BA0-B37B6B78B494}.Release|Any CPU.Build.0 = Release|Any CPU
		{D77CFCC6-A783-451C-9BA0-B37B6B78B494}.Release|ARM.ActiveCfg = Release|Any CPU
		{D77CFCC6-A783-451C-9BA0-B37B6B78B494}.Release|ARM.Build.0 = Release|Any CPU
		{D77CFCC6-A783-451C-9BA0-B37B6B78B494}.Release|x64.ActiveCfg = Release|Any CPU
		{D77CFCC6-A783-451C-9BA0-B37B6B78B494}.Release|x64.Build.0 = Release|Any CPU
		{D77CFCC6-A783-451C-9BA0-B37B6B78B494}.Release|x86.ActiveCfg = Release|Any CPU
		{D77CFCC6-A783-451C-9BA0-B37B6B78B494}.Release|x86.Build.0 = Release|Any CPU
		{E013AC71-5019-4C68-8797-52CE68C96F03}.Debug|Any CPU.ActiveCfg = Debug|Any CPU
		{E013AC71-5019-4C68-8797-52CE68C96F03}.Debug|Any CPU.Build.0 = Debug|Any CPU
		{E013AC71-5019-4C68-8797-52CE68C96F03}.Debug|ARM.ActiveCfg = Debug|Any CPU
		{E013AC71-5019-4C68-8797-52CE68C96F03}.Debug|ARM.Build.0 = Debug|Any CPU
		{E013AC71-5019-4C68-8797-52CE68C96F03}.Debug|x64.ActiveCfg = Debug|Any CPU
		{E013AC71-5019-4C68-8797-52CE68C96F03}.Debug|x64.Build.0 = Debug|Any CPU
		{E013AC71-5019-4C68-8797-52CE68C96F03}.Debug|x86.ActiveCfg = Debug|Any CPU
		{E013AC71-5019-4C68-8797-52CE68C96F03}.Debug|x86.Build.0 = Debug|Any CPU
		{E013AC71-5019-4C68-8797-52CE68C96F03}.Release|Any CPU.ActiveCfg = Release|Any CPU
		{E013AC71-5019-4C68-8797-52CE68C96F03}.Release|Any CPU.Build.0 = Release|Any CPU
		{E013AC71-5019-4C68-8797-52CE68C96F03}.Release|ARM.ActiveCfg = Release|Any CPU
		{E013AC71-5019-4C68-8797-52CE68C96F03}.Release|ARM.Build.0 = Release|Any CPU
		{E013AC71-5019-4C68-8797-52CE68C96F03}.Release|x64.ActiveCfg = Release|Any CPU
		{E013AC71-5019-4C68-8797-52CE68C96F03}.Release|x64.Build.0 = Release|Any CPU
		{E013AC71-5019-4C68-8797-52CE68C96F03}.Release|x86.ActiveCfg = Release|Any CPU
		{E013AC71-5019-4C68-8797-52CE68C96F03}.Release|x86.Build.0 = Release|Any CPU
		{786C5E48-182A-4CA8-A933-B221D6414963}.Debug|Any CPU.ActiveCfg = Debug|Any CPU
		{786C5E48-182A-4CA8-A933-B221D6414963}.Debug|Any CPU.Build.0 = Debug|Any CPU
		{786C5E48-182A-4CA8-A933-B221D6414963}.Debug|ARM.ActiveCfg = Debug|Any CPU
		{786C5E48-182A-4CA8-A933-B221D6414963}.Debug|ARM.Build.0 = Debug|Any CPU
		{786C5E48-182A-4CA8-A933-B221D6414963}.Debug|x64.ActiveCfg = Debug|Any CPU
		{786C5E48-182A-4CA8-A933-B221D6414963}.Debug|x64.Build.0 = Debug|Any CPU
		{786C5E48-182A-4CA8-A933-B221D6414963}.Debug|x86.ActiveCfg = Debug|Any CPU
		{786C5E48-182A-4CA8-A933-B221D6414963}.Debug|x86.Build.0 = Debug|Any CPU
		{786C5E48-182A-4CA8-A933-B221D6414963}.Release|Any CPU.ActiveCfg = Release|Any CPU
		{786C5E48-182A-4CA8-A933-B221D6414963}.Release|Any CPU.Build.0 = Release|Any CPU
		{786C5E48-182A-4CA8-A933-B221D6414963}.Release|ARM.ActiveCfg = Release|Any CPU
		{786C5E48-182A-4CA8-A933-B221D6414963}.Release|ARM.Build.0 = Release|Any CPU
		{786C5E48-182A-4CA8-A933-B221D6414963}.Release|x64.ActiveCfg = Release|Any CPU
		{786C5E48-182A-4CA8-A933-B221D6414963}.Release|x64.Build.0 = Release|Any CPU
		{786C5E48-182A-4CA8-A933-B221D6414963}.Release|x86.ActiveCfg = Release|Any CPU
		{786C5E48-182A-4CA8-A933-B221D6414963}.Release|x86.Build.0 = Release|Any CPU
		{982792BF-CE31-4CF2-8911-6E001C3D3F01}.Debug|Any CPU.ActiveCfg = Debug|Any CPU
		{982792BF-CE31-4CF2-8911-6E001C3D3F01}.Debug|Any CPU.Build.0 = Debug|Any CPU
		{982792BF-CE31-4CF2-8911-6E001C3D3F01}.Debug|ARM.ActiveCfg = Debug|Any CPU
		{982792BF-CE31-4CF2-8911-6E001C3D3F01}.Debug|ARM.Build.0 = Debug|Any CPU
		{982792BF-CE31-4CF2-8911-6E001C3D3F01}.Debug|x64.ActiveCfg = Debug|Any CPU
		{982792BF-CE31-4CF2-8911-6E001C3D3F01}.Debug|x64.Build.0 = Debug|Any CPU
		{982792BF-CE31-4CF2-8911-6E001C3D3F01}.Debug|x86.ActiveCfg = Debug|Any CPU
		{982792BF-CE31-4CF2-8911-6E001C3D3F01}.Debug|x86.Build.0 = Debug|Any CPU
		{982792BF-CE31-4CF2-8911-6E001C3D3F01}.Release|Any CPU.ActiveCfg = Release|Any CPU
		{982792BF-CE31-4CF2-8911-6E001C3D3F01}.Release|Any CPU.Build.0 = Release|Any CPU
		{982792BF-CE31-4CF2-8911-6E001C3D3F01}.Release|ARM.ActiveCfg = Release|Any CPU
		{982792BF-CE31-4CF2-8911-6E001C3D3F01}.Release|ARM.Build.0 = Release|Any CPU
		{982792BF-CE31-4CF2-8911-6E001C3D3F01}.Release|x64.ActiveCfg = Release|Any CPU
		{982792BF-CE31-4CF2-8911-6E001C3D3F01}.Release|x64.Build.0 = Release|Any CPU
		{982792BF-CE31-4CF2-8911-6E001C3D3F01}.Release|x86.ActiveCfg = Release|Any CPU
		{982792BF-CE31-4CF2-8911-6E001C3D3F01}.Release|x86.Build.0 = Release|Any CPU
		{D9DC32AF-9218-4A15-8407-5B23A4489E19}.Debug|Any CPU.ActiveCfg = Debug|Any CPU
		{D9DC32AF-9218-4A15-8407-5B23A4489E19}.Debug|Any CPU.Build.0 = Debug|Any CPU
		{D9DC32AF-9218-4A15-8407-5B23A4489E19}.Debug|ARM.ActiveCfg = Debug|Any CPU
		{D9DC32AF-9218-4A15-8407-5B23A4489E19}.Debug|ARM.Build.0 = Debug|Any CPU
		{D9DC32AF-9218-4A15-8407-5B23A4489E19}.Debug|x64.ActiveCfg = Debug|Any CPU
		{D9DC32AF-9218-4A15-8407-5B23A4489E19}.Debug|x64.Build.0 = Debug|Any CPU
		{D9DC32AF-9218-4A15-8407-5B23A4489E19}.Debug|x86.ActiveCfg = Debug|Any CPU
		{D9DC32AF-9218-4A15-8407-5B23A4489E19}.Debug|x86.Build.0 = Debug|Any CPU
		{D9DC32AF-9218-4A15-8407-5B23A4489E19}.Release|Any CPU.ActiveCfg = Release|Any CPU
		{D9DC32AF-9218-4A15-8407-5B23A4489E19}.Release|Any CPU.Build.0 = Release|Any CPU
		{D9DC32AF-9218-4A15-8407-5B23A4489E19}.Release|ARM.ActiveCfg = Release|Any CPU
		{D9DC32AF-9218-4A15-8407-5B23A4489E19}.Release|ARM.Build.0 = Release|Any CPU
		{D9DC32AF-9218-4A15-8407-5B23A4489E19}.Release|x64.ActiveCfg = Release|Any CPU
		{D9DC32AF-9218-4A15-8407-5B23A4489E19}.Release|x64.Build.0 = Release|Any CPU
		{D9DC32AF-9218-4A15-8407-5B23A4489E19}.Release|x86.ActiveCfg = Release|Any CPU
		{D9DC32AF-9218-4A15-8407-5B23A4489E19}.Release|x86.Build.0 = Release|Any CPU
	EndGlobalSection
	GlobalSection(SolutionProperties) = preSolution
		HideSolutionNode = FALSE
	EndGlobalSection
	GlobalSection(NestedProjects) = preSolution
		{F12E4CD9-4D21-46FD-BD1D-D1B73954C7BC} = {AD77D9E1-69B0-42C2-AC9C-12DFBFBD8949}
		{61B19D89-F4C2-4FF5-B15E-31FCADFE31C2} = {AD77D9E1-69B0-42C2-AC9C-12DFBFBD8949}
		{6A1BC1FC-DA61-4A8D-BD70-E1CEA8E348F3} = {AD77D9E1-69B0-42C2-AC9C-12DFBFBD8949}
		{F270990E-1F25-4544-9548-6A037C6B2DBA} = {AD77D9E1-69B0-42C2-AC9C-12DFBFBD8949}
		{1253785A-9326-4DE4-AF83-F77AE732F2BD} = {AD77D9E1-69B0-42C2-AC9C-12DFBFBD8949}
		{82C07EC4-3FE7-4272-939F-5D184D758407} = {1253785A-9326-4DE4-AF83-F77AE732F2BD}
		{B46D67DD-DE42-4202-8AFD-545D70CB8B3C} = {AD77D9E1-69B0-42C2-AC9C-12DFBFBD8949}
		{247B6080-10D0-4B4A-BDA1-B8C441BD3659} = {523E5255-82FA-4834-BB73-0F1C45984042}
		{4EA6FB40-61D7-4F42-9863-51356616DFED} = {B7727A5D-677D-45FD-8664-B6DB8EF11D83}
		{55A92882-9B87-49F1-B494-E7B380190732} = {B7727A5D-677D-45FD-8664-B6DB8EF11D83}
		{2A286A27-CFFF-4027-A7B9-ED10B8295734} = {63E5A899-0F6A-4B9D-B2A1-8DCBB653ACCA}
		{1F9945ED-62F9-4F99-9662-766E3D92BD4A} = {63E5A899-0F6A-4B9D-B2A1-8DCBB653ACCA}
		{553393FD-85C7-4458-BAC8-3E58AD5F14C4} = {523E5255-82FA-4834-BB73-0F1C45984042}
		{47941A74-810B-469B-B4E3-E2E1D5D2B457} = {523E5255-82FA-4834-BB73-0F1C45984042}
		{768B84E1-5B90-4BDC-AFE5-F2267DBF6580} = {553393FD-85C7-4458-BAC8-3E58AD5F14C4}
		{EA2301E1-90F6-4B37-92AE-278E53B203BD} = {26F05ED0-2FCD-424D-AAC9-BDC1F6A4F30C}
		{09555BD5-2322-4636-8150-651421F1E1A4} = {523E5255-82FA-4834-BB73-0F1C45984042}
		{0AEB29CA-3EB5-466D-81C5-5C0558942D62} = {09555BD5-2322-4636-8150-651421F1E1A4}
		{80459C03-3E4A-43B6-B70E-02CBB6D627EE} = {26F05ED0-2FCD-424D-AAC9-BDC1F6A4F30C}
		{A33C4752-D29D-4527-8A79-EB607F1359FB} = {523E5255-82FA-4834-BB73-0F1C45984042}
		{6D93D4D6-1C16-4E52-899E-4E9ED27FF35E} = {A33C4752-D29D-4527-8A79-EB607F1359FB}
		{F9520E65-30E4-4C2E-BCA2-1E55140ACF89} = {A33C4752-D29D-4527-8A79-EB607F1359FB}
		{D77CFCC6-A783-451C-9BA0-B37B6B78B494} = {A33C4752-D29D-4527-8A79-EB607F1359FB}
		{E013AC71-5019-4C68-8797-52CE68C96F03} = {A33C4752-D29D-4527-8A79-EB607F1359FB}
		{786C5E48-182A-4CA8-A933-B221D6414963} = {A33C4752-D29D-4527-8A79-EB607F1359FB}
		{982792BF-CE31-4CF2-8911-6E001C3D3F01} = {A33C4752-D29D-4527-8A79-EB607F1359FB}
		{D9DC32AF-9218-4A15-8407-5B23A4489E19} = {A33C4752-D29D-4527-8A79-EB607F1359FB}
	EndGlobalSection
	GlobalSection(ExtensibilityGlobals) = postSolution
		SolutionGuid = {7AB6A691-3DC4-43BB-BB3F-18C0251E5337}
	EndGlobalSection
EndGlobal
